
Microsoft Visual Studio Solution File, Format Version 12.00
# Visual Studio Version 16
VisualStudioVersion = 16.0.30011.22
MinimumVisualStudioVersion = 10.0.40219.1
Project("{FAE04EC0-301F-11D3-BF4B-00C04F79EFBC}") = "DynamicDBConsole", "DynamicDBConsole.csproj", "{EDD0F66D-25D1-4C11-9673-54BF0CAD6969}"
EndProject
Global
	GlobalSection(SolutionConfigurationPlatforms) = preSolution
		Debug|Any CPU = Debug|Any CPU
		Release|Any CPU = Release|Any CPU
	EndGlobalSection
	GlobalSection(ProjectConfigurationPlatforms) = postSolution
		{EDD0F66D-25D1-4C11-9673-54BF0CAD6969}.Debug|Any CPU.ActiveCfg = Debug|Any CPU
		{EDD0F66D-25D1-4C11-9673-54BF0CAD6969}.Debug|Any CPU.Build.0 = Debug|Any CPU
		{EDD0F66D-25D1-4C11-9673-54BF0CAD6969}.Release|Any CPU.ActiveCfg = Release|Any CPU
		{EDD0F66D-25D1-4C11-9673-54BF0CAD6969}.Release|Any CPU.Build.0 = Release|Any CPU
	EndGlobalSection
	GlobalSection(SolutionProperties) = preSolution
		HideSolutionNode = FALSE
	EndGlobalSection
	GlobalSection(ExtensibilityGlobals) = postSolution
		SolutionGuid = {D3645C59-4BED-4AA5-9A76-9D87F3F4FD2D}
	EndGlobalSection
EndGlobal
